
Microsoft Visual Studio Solution File, Format Version 12.00
# Visual Studio Version 17
VisualStudioVersion = 17.13.35931.197
MinimumVisualStudioVersion = 10.0.40219.1
Project("{FAE04EC0-301F-11D3-BF4B-00C04F79EFBC}") = "Hybridisms.Server.WebApp", "Hybridisms.Server.WebApp\Hybridisms.Server.WebApp.csproj", "{D0664C4C-C1B2-41DE-B2BF-4D7041184640}"
EndProject
Project("{FAE04EC0-301F-11D3-BF4B-00C04F79EFBC}") = "Hybridisms.Client.WebAssembly", "Hybridisms.Client.WebAssembly\Hybridisms.Client.WebAssembly.csproj", "{29D8C60F-BACB-4D23-98A2-38D4F4760849}"
EndProject
Project("{FAE04EC0-301F-11D3-BF4B-00C04F79EFBC}") = "Hybridisms.Client.Shared", "Hybridisms.Client.Shared\Hybridisms.Client.Shared.csproj", "{3DA52845-F7C7-448D-89C2-53BA4F1D6620}"
EndProject
Project("{FAE04EC0-301F-11D3-BF4B-00C04F79EFBC}") = "Hybridisms.Server.Shared", "Hybridisms.Server.Shared\Hybridisms.Server.Shared.csproj", "{979BE802-C92E-461B-93BD-E46E7F417676}"
EndProject
Project("{FAE04EC0-301F-11D3-BF4B-00C04F79EFBC}") = "Hybridisms.Client.NativeApp", "Hybridisms.Client.NativeApp\Hybridisms.Client.NativeApp.csproj", "{FCAC9F44-CC96-482A-8ECA-B84F8266CF7E}"
EndProject
Project("{FAE04EC0-301F-11D3-BF4B-00C04F79EFBC}") = "Hybridisms.AppHost", "Hybridisms.AppHost\Hybridisms.AppHost.csproj", "{045B1FC6-FB45-4CFE-9BD0-EE70EC2C1B6D}"
EndProject
Project("{FAE04EC0-301F-11D3-BF4B-00C04F79EFBC}") = "Hybridisms.Server.Web.ServiceDefaults", "Hybridisms.Server.Web.ServiceDefaults\Hybridisms.Server.Web.ServiceDefaults.csproj", "{065A12A8-FEB9-0EB7-6B5B-218F280C5AC2}"
EndProject
Project("{FAE04EC0-301F-11D3-BF4B-00C04F79EFBC}") = "Hybridisms.Client.Native.ServiceDefaults", "Hybridisms.Client.Native.ServiceDefaults\Hybridisms.Client.Native.ServiceDefaults.csproj", "{886B3D91-4AAB-8772-4FBC-C280F7EF30BD}"
EndProject
Project("{FAE04EC0-301F-11D3-BF4B-00C04F79EFBC}") = "Hybridisms.Client.NativeApp.ClientStub", "Hybridisms.Client.NativeApp.ClientStub\Hybridisms.Client.NativeApp.ClientStub.csproj", "{540572F3-1350-4A17-8D4F-CB096821B68F}"
EndProject
Project("{FAE04EC0-301F-11D3-BF4B-00C04F79EFBC}") = "Hybridisms.Client.WebAssembly.ClientStub", "Hybridisms.Client.WebAssembly.ClientStub\Hybridisms.Client.WebAssembly.ClientStub.csproj", "{E5DD4690-F235-49B9-AADA-232A413B0666}"
EndProject
Project("{FAE04EC0-301F-11D3-BF4B-00C04F79EFBC}") = "Hybridisms.Client.WebAssembly.ServiceDefaults", "Hybridisms.Client.WebAssembly.ServiceDefaults\Hybridisms.Client.WebAssembly.ServiceDefaults.csproj", "{39A2BF92-8A95-4C9F-BAAA-BCB721A9A616}"
EndProject
Project("{FAE04EC0-301F-11D3-BF4B-00C04F79EFBC}") = "Hybridisms.Client.Native", "Hybridisms.Client.Native\Hybridisms.Client.Native.csproj", "{F6D543F8-583C-45CB-BF95-9D5039F96E22}"
EndProject
Project("{FAE04EC0-301F-11D3-BF4B-00C04F79EFBC}") = "Hybridisms.Server.Web", "Hybridisms.Server.Web\Hybridisms.Server.Web.csproj", "{BBA0C1BE-40AC-4DFD-8F8E-E61FF105B76F}"
EndProject
Global
	GlobalSection(SolutionConfigurationPlatforms) = preSolution
		Debug|Any CPU = Debug|Any CPU
		Debug|x64 = Debug|x64
		Debug|x86 = Debug|x86
		Release|Any CPU = Release|Any CPU
		Release|x64 = Release|x64
		Release|x86 = Release|x86
	EndGlobalSection
	GlobalSection(ProjectConfigurationPlatforms) = postSolution
		{D0664C4C-C1B2-41DE-B2BF-4D7041184640}.Debug|Any CPU.ActiveCfg = Debug|Any CPU
		{D0664C4C-C1B2-41DE-B2BF-4D7041184640}.Debug|Any CPU.Build.0 = Debug|Any CPU
		{D0664C4C-C1B2-41DE-B2BF-4D7041184640}.Debug|x64.ActiveCfg = Debug|Any CPU
		{D0664C4C-C1B2-41DE-B2BF-4D7041184640}.Debug|x64.Build.0 = Debug|Any CPU
		{D0664C4C-C1B2-41DE-B2BF-4D7041184640}.Debug|x86.ActiveCfg = Debug|Any CPU
		{D0664C4C-C1B2-41DE-B2BF-4D7041184640}.Debug|x86.Build.0 = Debug|Any CPU
		{D0664C4C-C1B2-41DE-B2BF-4D7041184640}.Release|Any CPU.ActiveCfg = Release|Any CPU
		{D0664C4C-C1B2-41DE-B2BF-4D7041184640}.Release|Any CPU.Build.0 = Release|Any CPU
		{D0664C4C-C1B2-41DE-B2BF-4D7041184640}.Release|x64.ActiveCfg = Release|Any CPU
		{D0664C4C-C1B2-41DE-B2BF-4D7041184640}.Release|x64.Build.0 = Release|Any CPU
		{D0664C4C-C1B2-41DE-B2BF-4D7041184640}.Release|x86.ActiveCfg = Release|Any CPU
		{D0664C4C-C1B2-41DE-B2BF-4D7041184640}.Release|x86.Build.0 = Release|Any CPU
		{29D8C60F-BACB-4D23-98A2-38D4F4760849}.Debug|Any CPU.ActiveCfg = Debug|Any CPU
		{29D8C60F-BACB-4D23-98A2-38D4F4760849}.Debug|Any CPU.Build.0 = Debug|Any CPU
		{29D8C60F-BACB-4D23-98A2-38D4F4760849}.Debug|x64.ActiveCfg = Debug|Any CPU
		{29D8C60F-BACB-4D23-98A2-38D4F4760849}.Debug|x64.Build.0 = Debug|Any CPU
		{29D8C60F-BACB-4D23-98A2-38D4F4760849}.Debug|x86.ActiveCfg = Debug|Any CPU
		{29D8C60F-BACB-4D23-98A2-38D4F4760849}.Debug|x86.Build.0 = Debug|Any CPU
		{29D8C60F-BACB-4D23-98A2-38D4F4760849}.Release|Any CPU.ActiveCfg = Release|Any CPU
		{29D8C60F-BACB-4D23-98A2-38D4F4760849}.Release|Any CPU.Build.0 = Release|Any CPU
		{29D8C60F-BACB-4D23-98A2-38D4F4760849}.Release|x64.ActiveCfg = Release|Any CPU
		{29D8C60F-BACB-4D23-98A2-38D4F4760849}.Release|x64.Build.0 = Release|Any CPU
		{29D8C60F-BACB-4D23-98A2-38D4F4760849}.Release|x86.ActiveCfg = Release|Any CPU
		{29D8C60F-BACB-4D23-98A2-38D4F4760849}.Release|x86.Build.0 = Release|Any CPU
		{3DA52845-F7C7-448D-89C2-53BA4F1D6620}.Debug|Any CPU.ActiveCfg = Debug|Any CPU
		{3DA52845-F7C7-448D-89C2-53BA4F1D6620}.Debug|Any CPU.Build.0 = Debug|Any CPU
		{3DA52845-F7C7-448D-89C2-53BA4F1D6620}.Debug|x64.ActiveCfg = Debug|Any CPU
		{3DA52845-F7C7-448D-89C2-53BA4F1D6620}.Debug|x64.Build.0 = Debug|Any CPU
		{3DA52845-F7C7-448D-89C2-53BA4F1D6620}.Debug|x86.ActiveCfg = Debug|Any CPU
		{3DA52845-F7C7-448D-89C2-53BA4F1D6620}.Debug|x86.Build.0 = Debug|Any CPU
		{3DA52845-F7C7-448D-89C2-53BA4F1D6620}.Release|Any CPU.ActiveCfg = Release|Any CPU
		{3DA52845-F7C7-448D-89C2-53BA4F1D6620}.Release|Any CPU.Build.0 = Release|Any CPU
		{3DA52845-F7C7-448D-89C2-53BA4F1D6620}.Release|x64.ActiveCfg = Release|Any CPU
		{3DA52845-F7C7-448D-89C2-53BA4F1D6620}.Release|x64.Build.0 = Release|Any CPU
		{3DA52845-F7C7-448D-89C2-53BA4F1D6620}.Release|x86.ActiveCfg = Release|Any CPU
		{3DA52845-F7C7-448D-89C2-53BA4F1D6620}.Release|x86.Build.0 = Release|Any CPU
		{979BE802-C92E-461B-93BD-E46E7F417676}.Debug|Any CPU.ActiveCfg = Debug|Any CPU
		{979BE802-C92E-461B-93BD-E46E7F417676}.Debug|Any CPU.Build.0 = Debug|Any CPU
		{979BE802-C92E-461B-93BD-E46E7F417676}.Debug|x64.ActiveCfg = Debug|Any CPU
		{979BE802-C92E-461B-93BD-E46E7F417676}.Debug|x64.Build.0 = Debug|Any CPU
		{979BE802-C92E-461B-93BD-E46E7F417676}.Debug|x86.ActiveCfg = Debug|Any CPU
		{979BE802-C92E-461B-93BD-E46E7F417676}.Debug|x86.Build.0 = Debug|Any CPU
		{979BE802-C92E-461B-93BD-E46E7F417676}.Release|Any CPU.ActiveCfg = Release|Any CPU
		{979BE802-C92E-461B-93BD-E46E7F417676}.Release|Any CPU.Build.0 = Release|Any CPU
		{979BE802-C92E-461B-93BD-E46E7F417676}.Release|x64.ActiveCfg = Release|Any CPU
		{979BE802-C92E-461B-93BD-E46E7F417676}.Release|x64.Build.0 = Release|Any CPU
		{979BE802-C92E-461B-93BD-E46E7F417676}.Release|x86.ActiveCfg = Release|Any CPU
		{979BE802-C92E-461B-93BD-E46E7F417676}.Release|x86.Build.0 = Release|Any CPU
		{FCAC9F44-CC96-482A-8ECA-B84F8266CF7E}.Debug|Any CPU.ActiveCfg = Debug|Any CPU
		{FCAC9F44-CC96-482A-8ECA-B84F8266CF7E}.Debug|Any CPU.Build.0 = Debug|Any CPU
		{FCAC9F44-CC96-482A-8ECA-B84F8266CF7E}.Debug|x64.ActiveCfg = Debug|Any CPU
		{FCAC9F44-CC96-482A-8ECA-B84F8266CF7E}.Debug|x64.Build.0 = Debug|Any CPU
		{FCAC9F44-CC96-482A-8ECA-B84F8266CF7E}.Debug|x86.ActiveCfg = Debug|Any CPU
		{FCAC9F44-CC96-482A-8ECA-B84F8266CF7E}.Debug|x86.Build.0 = Debug|Any CPU
		{FCAC9F44-CC96-482A-8ECA-B84F8266CF7E}.Release|Any CPU.ActiveCfg = Release|Any CPU
		{FCAC9F44-CC96-482A-8ECA-B84F8266CF7E}.Release|Any CPU.Build.0 = Release|Any CPU
		{FCAC9F44-CC96-482A-8ECA-B84F8266CF7E}.Release|x64.ActiveCfg = Release|Any CPU
		{FCAC9F44-CC96-482A-8ECA-B84F8266CF7E}.Release|x64.Build.0 = Release|Any CPU
		{FCAC9F44-CC96-482A-8ECA-B84F8266CF7E}.Release|x86.ActiveCfg = Release|Any CPU
		{FCAC9F44-CC96-482A-8ECA-B84F8266CF7E}.Release|x86.Build.0 = Release|Any CPU
		{045B1FC6-FB45-4CFE-9BD0-EE70EC2C1B6D}.Debug|Any CPU.ActiveCfg = Debug|Any CPU
		{045B1FC6-FB45-4CFE-9BD0-EE70EC2C1B6D}.Debug|Any CPU.Build.0 = Debug|Any CPU
		{045B1FC6-FB45-4CFE-9BD0-EE70EC2C1B6D}.Debug|x64.ActiveCfg = Debug|Any CPU
		{045B1FC6-FB45-4CFE-9BD0-EE70EC2C1B6D}.Debug|x64.Build.0 = Debug|Any CPU
		{045B1FC6-FB45-4CFE-9BD0-EE70EC2C1B6D}.Debug|x86.ActiveCfg = Debug|Any CPU
		{045B1FC6-FB45-4CFE-9BD0-EE70EC2C1B6D}.Debug|x86.Build.0 = Debug|Any CPU
		{045B1FC6-FB45-4CFE-9BD0-EE70EC2C1B6D}.Release|Any CPU.ActiveCfg = Release|Any CPU
		{045B1FC6-FB45-4CFE-9BD0-EE70EC2C1B6D}.Release|Any CPU.Build.0 = Release|Any CPU
		{045B1FC6-FB45-4CFE-9BD0-EE70EC2C1B6D}.Release|x64.ActiveCfg = Release|Any CPU
		{045B1FC6-FB45-4CFE-9BD0-EE70EC2C1B6D}.Release|x64.Build.0 = Release|Any CPU
		{045B1FC6-FB45-4CFE-9BD0-EE70EC2C1B6D}.Release|x86.ActiveCfg = Release|Any CPU
		{045B1FC6-FB45-4CFE-9BD0-EE70EC2C1B6D}.Release|x86.Build.0 = Release|Any CPU
		{065A12A8-FEB9-0EB7-6B5B-218F280C5AC2}.Debug|Any CPU.ActiveCfg = Debug|Any CPU
		{065A12A8-FEB9-0EB7-6B5B-218F280C5AC2}.Debug|Any CPU.Build.0 = Debug|Any CPU
		{065A12A8-FEB9-0EB7-6B5B-218F280C5AC2}.Debug|x64.ActiveCfg = Debug|Any CPU
		{065A12A8-FEB9-0EB7-6B5B-218F280C5AC2}.Debug|x64.Build.0 = Debug|Any CPU
		{065A12A8-FEB9-0EB7-6B5B-218F280C5AC2}.Debug|x86.ActiveCfg = Debug|Any CPU
		{065A12A8-FEB9-0EB7-6B5B-218F280C5AC2}.Debug|x86.Build.0 = Debug|Any CPU
		{065A12A8-FEB9-0EB7-6B5B-218F280C5AC2}.Release|Any CPU.ActiveCfg = Release|Any CPU
		{065A12A8-FEB9-0EB7-6B5B-218F280C5AC2}.Release|Any CPU.Build.0 = Release|Any CPU
		{065A12A8-FEB9-0EB7-6B5B-218F280C5AC2}.Release|x64.ActiveCfg = Release|Any CPU
		{065A12A8-FEB9-0EB7-6B5B-218F280C5AC2}.Release|x64.Build.0 = Release|Any CPU
		{065A12A8-FEB9-0EB7-6B5B-218F280C5AC2}.Release|x86.ActiveCfg = Release|Any CPU
		{065A12A8-FEB9-0EB7-6B5B-218F280C5AC2}.Release|x86.Build.0 = Release|Any CPU
		{886B3D91-4AAB-8772-4FBC-C280F7EF30BD}.Debug|Any CPU.ActiveCfg = Debug|Any CPU
		{886B3D91-4AAB-8772-4FBC-C280F7EF30BD}.Debug|Any CPU.Build.0 = Debug|Any CPU
		{886B3D91-4AAB-8772-4FBC-C280F7EF30BD}.Debug|x64.ActiveCfg = Debug|Any CPU
		{886B3D91-4AAB-8772-4FBC-C280F7EF30BD}.Debug|x64.Build.0 = Debug|Any CPU
		{886B3D91-4AAB-8772-4FBC-C280F7EF30BD}.Debug|x86.ActiveCfg = Debug|Any CPU
		{886B3D91-4AAB-8772-4FBC-C280F7EF30BD}.Debug|x86.Build.0 = Debug|Any CPU
		{886B3D91-4AAB-8772-4FBC-C280F7EF30BD}.Release|Any CPU.ActiveCfg = Release|Any CPU
		{886B3D91-4AAB-8772-4FBC-C280F7EF30BD}.Release|Any CPU.Build.0 = Release|Any CPU
		{886B3D91-4AAB-8772-4FBC-C280F7EF30BD}.Release|x64.ActiveCfg = Release|Any CPU
		{886B3D91-4AAB-8772-4FBC-C280F7EF30BD}.Release|x64.Build.0 = Release|Any CPU
		{886B3D91-4AAB-8772-4FBC-C280F7EF30BD}.Release|x86.ActiveCfg = Release|Any CPU
		{886B3D91-4AAB-8772-4FBC-C280F7EF30BD}.Release|x86.Build.0 = Release|Any CPU
		{540572F3-1350-4A17-8D4F-CB096821B68F}.Debug|Any CPU.ActiveCfg = Debug|Any CPU
		{540572F3-1350-4A17-8D4F-CB096821B68F}.Debug|Any CPU.Build.0 = Debug|Any CPU
		{540572F3-1350-4A17-8D4F-CB096821B68F}.Debug|x64.ActiveCfg = Debug|Any CPU
		{540572F3-1350-4A17-8D4F-CB096821B68F}.Debug|x64.Build.0 = Debug|Any CPU
		{540572F3-1350-4A17-8D4F-CB096821B68F}.Debug|x86.ActiveCfg = Debug|Any CPU
		{540572F3-1350-4A17-8D4F-CB096821B68F}.Debug|x86.Build.0 = Debug|Any CPU
		{540572F3-1350-4A17-8D4F-CB096821B68F}.Release|Any CPU.ActiveCfg = Release|Any CPU
		{540572F3-1350-4A17-8D4F-CB096821B68F}.Release|Any CPU.Build.0 = Release|Any CPU
		{540572F3-1350-4A17-8D4F-CB096821B68F}.Release|x64.ActiveCfg = Release|Any CPU
		{540572F3-1350-4A17-8D4F-CB096821B68F}.Release|x64.Build.0 = Release|Any CPU
		{540572F3-1350-4A17-8D4F-CB096821B68F}.Release|x86.ActiveCfg = Release|Any CPU
		{540572F3-1350-4A17-8D4F-CB096821B68F}.Release|x86.Build.0 = Release|Any CPU
		{E5DD4690-F235-49B9-AADA-232A413B0666}.Debug|Any CPU.ActiveCfg = Debug|Any CPU
		{E5DD4690-F235-49B9-AADA-232A413B0666}.Debug|Any CPU.Build.0 = Debug|Any CPU
		{E5DD4690-F235-49B9-AADA-232A413B0666}.Debug|x64.ActiveCfg = Debug|Any CPU
		{E5DD4690-F235-49B9-AADA-232A413B0666}.Debug|x64.Build.0 = Debug|Any CPU
		{E5DD4690-F235-49B9-AADA-232A413B0666}.Debug|x86.ActiveCfg = Debug|Any CPU
		{E5DD4690-F235-49B9-AADA-232A413B0666}.Debug|x86.Build.0 = Debug|Any CPU
		{E5DD4690-F235-49B9-AADA-232A413B0666}.Release|Any CPU.ActiveCfg = Release|Any CPU
		{E5DD4690-F235-49B9-AADA-232A413B0666}.Release|Any CPU.Build.0 = Release|Any CPU
		{E5DD4690-F235-49B9-AADA-232A413B0666}.Release|x64.ActiveCfg = Release|Any CPU
		{E5DD4690-F235-49B9-AADA-232A413B0666}.Release|x64.Build.0 = Release|Any CPU
		{E5DD4690-F235-49B9-AADA-232A413B0666}.Release|x86.ActiveCfg = Release|Any CPU
		{E5DD4690-F235-49B9-AADA-232A413B0666}.Release|x86.Build.0 = Release|Any CPU
		{39A2BF92-8A95-4C9F-BAAA-BCB721A9A616}.Debug|Any CPU.ActiveCfg = Debug|Any CPU
		{39A2BF92-8A95-4C9F-BAAA-BCB721A9A616}.Debug|Any CPU.Build.0 = Debug|Any CPU
		{39A2BF92-8A95-4C9F-BAAA-BCB721A9A616}.Debug|x64.ActiveCfg = Debug|Any CPU
		{39A2BF92-8A95-4C9F-BAAA-BCB721A9A616}.Debug|x64.Build.0 = Debug|Any CPU
		{39A2BF92-8A95-4C9F-BAAA-BCB721A9A616}.Debug|x86.ActiveCfg = Debug|Any CPU
		{39A2BF92-8A95-4C9F-BAAA-BCB721A9A616}.Debug|x86.Build.0 = Debug|Any CPU
		{39A2BF92-8A95-4C9F-BAAA-BCB721A9A616}.Release|Any CPU.ActiveCfg = Release|Any CPU
		{39A2BF92-8A95-4C9F-BAAA-BCB721A9A616}.Release|Any CPU.Build.0 = Release|Any CPU
		{39A2BF92-8A95-4C9F-BAAA-BCB721A9A616}.Release|x64.ActiveCfg = Release|Any CPU
		{39A2BF92-8A95-4C9F-BAAA-BCB721A9A616}.Release|x64.Build.0 = Release|Any CPU
		{39A2BF92-8A95-4C9F-BAAA-BCB721A9A616}.Release|x86.ActiveCfg = Release|Any CPU
		{39A2BF92-8A95-4C9F-BAAA-BCB721A9A616}.Release|x86.Build.0 = Release|Any CPU
		{F6D543F8-583C-45CB-BF95-9D5039F96E22}.Debug|Any CPU.ActiveCfg = Debug|Any CPU
		{F6D543F8-583C-45CB-BF95-9D5039F96E22}.Debug|Any CPU.Build.0 = Debug|Any CPU
		{F6D543F8-583C-45CB-BF95-9D5039F96E22}.Debug|x64.ActiveCfg = Debug|Any CPU
		{F6D543F8-583C-45CB-BF95-9D5039F96E22}.Debug|x64.Build.0 = Debug|Any CPU
		{F6D543F8-583C-45CB-BF95-9D5039F96E22}.Debug|x86.ActiveCfg = Debug|Any CPU
		{F6D543F8-583C-45CB-BF95-9D5039F96E22}.Debug|x86.Build.0 = Debug|Any CPU
		{F6D543F8-583C-45CB-BF95-9D5039F96E22}.Release|Any CPU.ActiveCfg = Release|Any CPU
		{F6D543F8-583C-45CB-BF95-9D5039F96E22}.Release|Any CPU.Build.0 = Release|Any CPU
		{F6D543F8-583C-45CB-BF95-9D5039F96E22}.Release|x64.ActiveCfg = Release|Any CPU
		{F6D543F8-583C-45CB-BF95-9D5039F96E22}.Release|x64.Build.0 = Release|Any CPU
		{F6D543F8-583C-45CB-BF95-9D5039F96E22}.Release|x86.ActiveCfg = Release|Any CPU
		{F6D543F8-583C-45CB-BF95-9D5039F96E22}.Release|x86.Build.0 = Release|Any CPU
		{BBA0C1BE-40AC-4DFD-8F8E-E61FF105B76F}.Debug|Any CPU.ActiveCfg = Debug|Any CPU
		{BBA0C1BE-40AC-4DFD-8F8E-E61FF105B76F}.Debug|Any CPU.Build.0 = Debug|Any CPU
		{BBA0C1BE-40AC-4DFD-8F8E-E61FF105B76F}.Debug|x64.ActiveCfg = Debug|Any CPU
		{BBA0C1BE-40AC-4DFD-8F8E-E61FF105B76F}.Debug|x64.Build.0 = Debug|Any CPU
		{BBA0C1BE-40AC-4DFD-8F8E-E61FF105B76F}.Debug|x86.ActiveCfg = Debug|Any CPU
		{BBA0C1BE-40AC-4DFD-8F8E-E61FF105B76F}.Debug|x86.Build.0 = Debug|Any CPU
		{BBA0C1BE-40AC-4DFD-8F8E-E61FF105B76F}.Release|Any CPU.ActiveCfg = Release|Any CPU
		{BBA0C1BE-40AC-4DFD-8F8E-E61FF105B76F}.Release|Any CPU.Build.0 = Release|Any CPU
		{BBA0C1BE-40AC-4DFD-8F8E-E61FF105B76F}.Release|x64.ActiveCfg = Release|Any CPU
		{BBA0C1BE-40AC-4DFD-8F8E-E61FF105B76F}.Release|x64.Build.0 = Release|Any CPU
		{BBA0C1BE-40AC-4DFD-8F8E-E61FF105B76F}.Release|x86.ActiveCfg = Release|Any CPU
		{BBA0C1BE-40AC-4DFD-8F8E-E61FF105B76F}.Release|x86.Build.0 = Release|Any CPU
	EndGlobalSection
	GlobalSection(SolutionProperties) = preSolution
		HideSolutionNode = FALSE
	EndGlobalSection
	GlobalSection(ExtensibilityGlobals) = postSolution
		SolutionGuid = {6B7E4CFB-D367-4B4F-9D5A-3D2AEE927041}
	EndGlobalSection
EndGlobal
